{
  "name": "open-erp-workspace",
  "version": "0.1.0",
  "lockfileVersion": 3,
  "requires": true,
  "packages": {
    "": {
      "name": "open-erp-workspace",
      "version": "0.1.0",
      "devDependencies": {
        "npm-check-updates": "^17.1.12",
        "prettier": "^3.6.2"
      }
    },
    "node_modules/npm-check-updates": {
      "version": "17.1.18",
      "resolved": "https://registry.npmjs.org/npm-check-updates/-/npm-check-updates-17.1.18.tgz",
      "integrity": "sha512-bkUy2g4v1i+3FeUf5fXMLbxmV95eG4/sS7lYE32GrUeVgQRfQEk39gpskksFunyaxQgTIdrvYbnuNbO/pSUSqw==",
      "dev": true,
      "license": "Apache-2.0",
      "bin": {
        "ncu": "build/cli.js",
        "npm-check-updates": "build/cli.js"
      },
      "engines": {
        "node": "^18.18.0 || >=20.0.0",
        "npm": ">=8.12.1"
      }
    },
    "node_modules/prettier": {
      "version": "3.8.3",
      "resolved": "https://registry.npmjs.org/prettier/-/prettier-3.8.3.tgz",
      "integrity": "sha512-7igPTM53cGHMW8xWuVTydi2KO233VFiTNyF5hLJqpilHfmn8C8gPf+PS7dUT64YcXFbiMGZxS9pCSxL/Dxm/Jw==",
      "dev": true,
      "license": "MIT",
      "bin": {
        "prettier": "bin/prettier.cjs"
      },
      "engines": {
        "node": ">=14"
      },
      "funding": {
        "url": "https://github.com/prettier/prettier?sponsor=1"
      }
    }
  }
}
